// !$*UTF8*$!
{
	archiveVersion = 1;
	classes = {
	};
	objectVersion = 77;
	objects = {

/* Begin PBXBuildFile section */
		0E77FEF8545A1DEEB4D72795 /* CCNotifyApp.swift in Sources */ = {isa = PBXBuildFile; fileRef = F85DD1642AE01B141EA21533 /* CCNotifyApp.swift */; };
		1817FA1E2F5DC365143ECC0C /* SettingsView.swift in Sources */ = {isa = PBXBuildFile; fileRef = A8302B9C7BE5F5642417F1A5 /* SettingsView.swift */; };
		1E5A31B3C0C1017DBED83475 /* MenuBarView.swift in Sources */ = {isa = PBXBuildFile; fileRef = A2119FF989E2A1065B4E9686 /* MenuBarView.swift */; };
		48C249A6DA7D4A81E8BF3A46 /* ServerManagerTests.swift in Sources */ = {isa = PBXBuildFile; fileRef = 364C41F0434484968B1D3CB4 /* ServerManagerTests.swift */; };
		6892A5AA97DBC773C9BC0520 /* CCNotifyUITests.swift in Sources */ = {isa = PBXBuildFile; fileRef = 2A44D29A10CAD06FDAB6F2CB /* CCNotifyUITests.swift */; };
		CFF6B6DA6B93987AC326B212 /* ServerManager.swift in Sources */ = {isa = PBXBuildFile; fileRef = E41E508602F18B4B7E98C46E /* ServerManager.swift */; };
		F4B0A340341E81B8646AF75B /* ApprovalRequestTests.swift in Sources */ = {isa = PBXBuildFile; fileRef = 7F44497C9309745338C6701A /* ApprovalRequestTests.swift */; };
/* End PBXBuildFile section */

/* Begin PBXContainerItemProxy section */
		A05FFCA912715F54336F8900 /* PBXContainerItemProxy */ = {
			isa = PBXContainerItemProxy;
			containerPortal = 895564508CCFC260D76417A1 /* Project object */;
			proxyType = 1;
			remoteGlobalIDString = 2ED07C18ED15050D2095E1D5;
			remoteInfo = CCNotify;
		};
		CFA08CAAB66E2019F859CCD3 /* PBXContainerItemProxy */ = {
			isa = PBXContainerItemProxy;
			containerPortal = 895564508CCFC260D76417A1 /* Project object */;
			proxyType = 1;
			remoteGlobalIDString = 2ED07C18ED15050D2095E1D5;
			remoteInfo = CCNotify;
		};
/* End PBXContainerItemProxy section */

/* Begin PBXFileReference section */
		09B0C4800529AE184ED7CBC3 /* Info.plist */ = {isa = PBXFileReference; lastKnownFileType = text.plist; path = Info.plist; sourceTree = "<group>"; };
		2A44D29A10CAD06FDAB6F2CB /* CCNotifyUITests.swift */ = {isa = PBXFileReference; lastKnownFileType = sourcecode.swift; path = CCNotifyUITests.swift; sourceTree = "<group>"; };
		364C41F0434484968B1D3CB4 /* ServerManagerTests.swift */ = {isa = PBXFileReference; lastKnownFileType = sourcecode.swift; path = ServerManagerTests.swift; sourceTree = "<group>"; };
		459072DE04BA0CBBDB57951A /* CCNotify.entitlements */ = {isa = PBXFileReference; lastKnownFileType = text.plist.entitlements; path = CCNotify.entitlements; sourceTree = "<group>"; };
		5113C87D2B0788D76640B75D /* CCNotifyUITests.xctest */ = {isa = PBXFileReference; explicitFileType = wrapper.cfbundle; includeInIndex = 0; path = CCNotifyUITests.xctest; sourceTree = BUILT_PRODUCTS_DIR; };
		7833FBC5935BCB53BC02D9E7 /* CCNotifyTests.xctest */ = {isa = PBXFileReference; explicitFileType = wrapper.cfbundle; includeInIndex = 0; path = CCNotifyTests.xctest; sourceTree = BUILT_PRODUCTS_DIR; };
		7F44497C9309745338C6701A /* ApprovalRequestTests.swift */ = {isa = PBXFileReference; lastKnownFileType = sourcecode.swift; path = ApprovalRequestTests.swift; sourceTree = "<group>"; };
		93D12B7B79EDC07385305EE5 /* CCNotify.app */ = {isa = PBXFileReference; explicitFileType = wrapper.application; includeInIndex = 0; path = CCNotify.app; sourceTree = BUILT_PRODUCTS_DIR; };
		A2119FF989E2A1065B4E9686 /* MenuBarView.swift */ = {isa = PBXFileReference; lastKnownFileType = sourcecode.swift; path = MenuBarView.swift; sourceTree = "<group>"; };
		A8302B9C7BE5F5642417F1A5 /* SettingsView.swift */ = {isa = PBXFileReference; lastKnownFileType = sourcecode.swift; path = SettingsView.swift; sourceTree = "<group>"; };
		E41E508602F18B4B7E98C46E /* ServerManager.swift */ = {isa = PBXFileReference; lastKnownFileType = sourcecode.swift; path = ServerManager.swift; sourceTree = "<group>"; };
		F85DD1642AE01B141EA21533 /* CCNotifyApp.swift */ = {isa = PBXFileReference; lastKnownFileType = sourcecode.swift; path = CCNotifyApp.swift; sourceTree = "<group>"; };
/* End PBXFileReference section */

/* Begin PBXGroup section */
		29E3E523DD1167D17127A068 = {
			isa = PBXGroup;
			children = (
				AE767CE43927EA88CF936E41 /* CCNotify */,
				7D2D065B140F049777C6AB07 /* CCNotifyTests */,
				FED269B7BE445E0EED48403B /* CCNotifyUITests */,
				8FD95A48DB6BDE10D9BC1198 /* Products */,
			);
			sourceTree = "<group>";
		};
		7D2D065B140F049777C6AB07 /* CCNotifyTests */ = {
			isa = PBXGroup;
			children = (
				7F44497C9309745338C6701A /* ApprovalRequestTests.swift */,
				364C41F0434484968B1D3CB4 /* ServerManagerTests.swift */,
			);
			path = CCNotifyTests;
			sourceTree = "<group>";
		};
		8FD95A48DB6BDE10D9BC1198 /* Products */ = {
			isa = PBXGroup;
			children = (
				93D12B7B79EDC07385305EE5 /* CCNotify.app */,
				7833FBC5935BCB53BC02D9E7 /* CCNotifyTests.xctest */,
				5113C87D2B0788D76640B75D /* CCNotifyUITests.xctest */,
			);
			name = Products;
			sourceTree = "<group>";
		};
		AE767CE43927EA88CF936E41 /* CCNotify */ = {
			isa = PBXGroup;
			children = (
				459072DE04BA0CBBDB57951A /* CCNotify.entitlements */,
				F85DD1642AE01B141EA21533 /* CCNotifyApp.swift */,
				09B0C4800529AE184ED7CBC3 /* Info.plist */,
				A2119FF989E2A1065B4E9686 /* MenuBarView.swift */,
				E41E508602F18B4B7E98C46E /* ServerManager.swift */,
				A8302B9C7BE5F5642417F1A5 /* SettingsView.swift */,
			);
			path = CCNotify;
			sourceTree = "<group>";
		};
		FED269B7BE445E0EED48403B /* CCNotifyUITests */ = {
			isa = PBXGroup;
			children = (
				2A44D29A10CAD06FDAB6F2CB /* CCNotifyUITests.swift */,
			);
			path = CCNotifyUITests;
			sourceTree = "<group>";
		};
/* End PBXGroup section */

/* Begin PBXNativeTarget section */
		2ED07C18ED15050D2095E1D5 /* CCNotify */ = {
			isa = PBXNativeTarget;
			buildConfigurationList = F3BC316C9BFFDAA6FA5C3497 /* Build configuration list for PBXNativeTarget "CCNotify" */;
			buildPhases = (
				DCD618D8DCFC0D658E51CFFF /* Sources */,
			);
			buildRules = (
			);
			dependencies = (
			);
			name = CCNotify;
			packageProductDependencies = (
			);
			productName = CCNotify;
			productReference = 93D12B7B79EDC07385305EE5 /* CCNotify.app */;
			productType = "com.apple.product-type.application";
		};
		60238B1EB0FEA185CE4B4F16 /* CCNotifyTests */ = {
			isa = PBXNativeTarget;
			buildConfigurationList = 3BEECC393F07EABC4A93FCAA /* Build configuration list for PBXNativeTarget "CCNotifyTests" */;
			buildPhases = (
				A60BDABAFAC2556DDB2B1AC3 /* Sources */,
			);
			buildRules = (
			);
			dependencies = (
				AD02A03C7C38BBA1EB3A6B07 /* PBXTargetDependency */,
			);
			name = CCNotifyTests;
			packageProductDependencies = (
			);
			productName = CCNotifyTests;
			productReference = 7833FBC5935BCB53BC02D9E7 /* CCNotifyTests.xctest */;
			productType = "com.apple.product-type.bundle.unit-test";
		};
		8CA65C1709632A584E38CE15 /* CCNotifyUITests */ = {
			isa = PBXNativeTarget;
			buildConfigurationList = 14F683469C31B21F5820D7F9 /* Build configuration list for PBXNativeTarget "CCNotifyUITests" */;
			buildPhases = (
				7A695752C4BCA8A6A8C907DC /* Sources */,
			);
			buildRules = (
			);
			dependencies = (
				C741188B95B327B12DE2F35E /* PBXTargetDependency */,
			);
			name = CCNotifyUITests;
			packageProductDependencies = (
			);
			productName = CCNotifyUITests;
			productReference = 5113C87D2B0788D76640B75D /* CCNotifyUITests.xctest */;
			productType = "com.apple.product-type.bundle.ui-testing";
		};
/* End PBXNativeTarget section */

/* Begin PBXProject section */
		895564508CCFC260D76417A1 /* Project object */ = {
			isa = PBXProject;
			attributes = {
				BuildIndependentTargetsInParallel = YES;
				LastUpgradeCheck = 1500;
				TargetAttributes = {
					2ED07C18ED15050D2095E1D5 = {
						ProvisioningStyle = Automatic;
					};
					60238B1EB0FEA185CE4B4F16 = {
						ProvisioningStyle = Automatic;
					};
					8CA65C1709632A584E38CE15 = {
						ProvisioningStyle = Automatic;
						TestTargetID = 2ED07C18ED15050D2095E1D5;
					};
				};
			};
			buildConfigurationList = 9D690BBB218C4B9611C2B504 /* Build configuration list for PBXProject "CCNotify" */;
			compatibilityVersion = "Xcode 14.0";
			developmentRegion = en;
			hasScannedForEncodings = 0;
			knownRegions = (
				Base,
				en,
			);
			mainGroup = 29E3E523DD1167D17127A068;
			minimizedProjectReferenceProxies = 1;
			preferredProjectObjectVersion = 77;
			projectDirPath = "";
			projectRoot = "";
			targets = (
				2ED07C18ED15050D2095E1D5 /* CCNotify */,
				60238B1EB0FEA185CE4B4F16 /* CCNotifyTests */,
				8CA65C1709632A584E38CE15 /* CCNotifyUITests */,
			);
		};
/* End PBXProject section */

/* Begin PBXSourcesBuildPhase section */
		7A695752C4BCA8A6A8C907DC /* Sources */ = {
			isa = PBXSourcesBuildPhase;
			buildActionMask = 2147483647;
			files = (
				6892A5AA97DBC773C9BC0520 /* CCNotifyUITests.swift in Sources */,
			);
			runOnlyForDeploymentPostprocessing = 0;
		};
		A60BDABAFAC2556DDB2B1AC3 /* Sources */ = {
			isa = PBXSourcesBuildPhase;
			buildActionMask = 2147483647;
			files = (
				F4B0A340341E81B8646AF75B /* ApprovalRequestTests.swift in Sources */,
				48C249A6DA7D4A81E8BF3A46 /* ServerManagerTests.swift in Sources */,
			);
			runOnlyForDeploymentPostprocessing = 0;
		};
		DCD618D8DCFC0D658E51CFFF /* Sources */ = {
			isa = PBXSourcesBuildPhase;
			buildActionMask = 2147483647;
			files = (
				0E77FEF8545A1DEEB4D72795 /* CCNotifyApp.swift in Sources */,
				1E5A31B3C0C1017DBED83475 /* MenuBarView.swift in Sources */,
				CFF6B6DA6B93987AC326B212 /* ServerManager.swift in Sources */,
				1817FA1E2F5DC365143ECC0C /* SettingsView.swift in Sources */,
			);
			runOnlyForDeploymentPostprocessing = 0;
		};
/* End PBXSourcesBuildPhase section */

/* Begin PBXTargetDependency section */
		AD02A03C7C38BBA1EB3A6B07 /* PBXTargetDependency */ = {
			isa = PBXTargetDependency;
			target = 2ED07C18ED15050D2095E1D5 /* CCNotify */;
			targetProxy = CFA08CAAB66E2019F859CCD3 /* PBXContainerItemProxy */;
		};
		C741188B95B327B12DE2F35E /* PBXTargetDependency */ = {
			isa = PBXTargetDependency;
			target = 2ED07C18ED15050D2095E1D5 /* CCNotify */;
			targetProxy = A05FFCA912715F54336F8900 /* PBXContainerItemProxy */;
		};
/* End PBXTargetDependency section */

/* Begin XCBuildConfiguration section */
		03A650B07142D6A5E59DE2CE /* Release */ = {
			isa = XCBuildConfiguration;
			buildSettings = {
				BUNDLE_LOADER = "$(TEST_HOST)";
				CODE_SIGN_STYLE = Automatic;
				COMBINE_HIDPI_IMAGES = YES;
				GENERATE_INFOPLIST_FILE = YES;
				LD_RUNPATH_SEARCH_PATHS = (
					"$(inherited)",
					"@executable_path/../Frameworks",
					"@loader_path/../Frameworks",
				);
				PRODUCT_BUNDLE_IDENTIFIER = com.ccnotify.tests;
				SDKROOT = macosx;
				TEST_HOST = "$(BUILT_PRODUCTS_DIR)/CC Notify.app/Contents/MacOS/CC Notify";
			};
			name = Release;
		};
		146D958274D120E1ACE40DC6 /* Debug */ = {
			isa = XCBuildConfiguration;
			buildSettings = {
				BUNDLE_LOADER = "$(TEST_HOST)";
				CODE_SIGN_STYLE = Automatic;
				COMBINE_HIDPI_IMAGES = YES;
				GENERATE_INFOPLIST_FILE = YES;
				LD_RUNPATH_SEARCH_PATHS = (
					"$(inherited)",
					"@executable_path/../Frameworks",
					"@loader_path/../Frameworks",
				);
				PRODUCT_BUNDLE_IDENTIFIER = com.ccnotify.tests;
				SDKROOT = macosx;
				TEST_HOST = "$(BUILT_PRODUCTS_DIR)/CC Notify.app/Contents/MacOS/CC Notify";
			};
			name = Debug;
		};
		47159259CAA079D5A6FCEFEE /* Release */ = {
			isa = XCBuildConfiguration;
			buildSettings = {
				ALWAYS_SEARCH_USER_PATHS = NO;
				CLANG_ANALYZER_NONNULL = YES;
				CLANG_ANALYZER_NUMBER_OBJECT_CONVERSION = YES_AGGRESSIVE;
				CLANG_CXX_LANGUAGE_STANDARD = "gnu++14";
				CLANG_CXX_LIBRARY = "libc++";
				CLANG_ENABLE_MODULES = YES;
				CLANG_ENABLE_OBJC_ARC = YES;
				CLANG_ENABLE_OBJC_WEAK = YES;
				CLANG_WARN_BLOCK_CAPTURE_AUTORELEASING = YES;
				CLANG_WARN_BOOL_CONVERSION = YES;
				CLANG_WARN_COMMA = YES;
				CLANG_WARN_CONSTANT_CONVERSION = YES;
				CLANG_WARN_DEPRECATED_OBJC_IMPLEMENTATIONS = YES;
				CLANG_WARN_DIRECT_OBJC_ISA_USAGE = YES_ERROR;
				CLANG_WARN_DOCUMENTATION_COMMENTS = YES;
				CLANG_WARN_EMPTY_BODY = YES;
				CLANG_WARN_ENUM_CONVERSION = YES;
				CLANG_WARN_INFINITE_RECURSION = YES;
				CLANG_WARN_INT_CONVERSION = YES;
				CLANG_WARN_NON_LITERAL_NULL_CONVERSION = YES;
				CLANG_WARN_OBJC_IMPLICIT_RETAIN_SELF = YES;
				CLANG_WARN_OBJC_LITERAL_CONVERSION = YES;
				CLANG_WARN_OBJC_ROOT_CLASS = YES_ERROR;
				CLANG_WARN_QUOTED_INCLUDE_IN_FRAMEWORK_HEADER = YES;
				CLANG_WARN_RANGE_LOOP_ANALYSIS = YES;
				CLANG_WARN_STRICT_PROTOTYPES = YES;
				CLANG_WARN_SUSPICIOUS_MOVE = YES;
				CLANG_WARN_UNGUARDED_AVAILABILITY = YES_AGGRESSIVE;
				CLANG_WARN_UNREACHABLE_CODE = YES;
				CLANG_WARN__DUPLICATE_METHOD_MATCH = YES;
				COPY_PHASE_STRIP = NO;
				DEBUG_INFORMATION_FORMAT = "dwarf-with-dsym";
				ENABLE_NS_ASSERTIONS = NO;
				ENABLE_STRICT_OBJC_MSGSEND = YES;
				GCC_C_LANGUAGE_STANDARD = gnu11;
				GCC_NO_COMMON_BLOCKS = YES;
				GCC_WARN_64_TO_32_BIT_CONVERSION = YES;
				GCC_WARN_ABOUT_RETURN_TYPE = YES_ERROR;
				GCC_WARN_UNDECLARED_SELECTOR = YES;
				GCC_WARN_UNINITIALIZED_AUTOS = YES_AGGRESSIVE;
				GCC_WARN_UNUSED_FUNCTION = YES;
				GCC_WARN_UNUSED_VARIABLE = YES;
				MACOSX_DEPLOYMENT_TARGET = 14.0;
				MTL_ENABLE_DEBUG_INFO = NO;
				MTL_FAST_MATH = YES;
				PRODUCT_NAME = "$(TARGET_NAME)";
				SDKROOT = macosx;
				SWIFT_COMPILATION_MODE = wholemodule;
				SWIFT_OPTIMIZATION_LEVEL = "-O";
				SWIFT_VERSION = 5.9;
			};
			name = Release;
		};
		4761EF1A260FA37A04658AF4 /* Release */ = {
			isa = XCBuildConfiguration;
			buildSettings = {
				BUNDLE_LOADER = "$(TEST_HOST)";
				CODE_SIGN_STYLE = Automatic;
				COMBINE_HIDPI_IMAGES = YES;
				GENERATE_INFOPLIST_FILE = YES;
				LD_RUNPATH_SEARCH_PATHS = (
					"$(inherited)",
					"@executable_path/Frameworks",
					"@loader_path/Frameworks",
				);
				PRODUCT_BUNDLE_IDENTIFIER = com.ccnotify.uitests;
				SDKROOT = macosx;
				TEST_TARGET_NAME = CCNotify;
			};
			name = Release;
		};
		872FDCD8427D920B30C5F0C6 /* Debug */ = {
			isa = XCBuildConfiguration;
			buildSettings = {
				ALWAYS_SEARCH_USER_PATHS = NO;
				CLANG_ANALYZER_NONNULL = YES;
				CLANG_ANALYZER_NUMBER_OBJECT_CONVERSION = YES_AGGRESSIVE;
				CLANG_CXX_LANGUAGE_STANDARD = "gnu++14";
				CLANG_CXX_LIBRARY = "libc++";
				CLANG_ENABLE_MODULES = YES;
				CLANG_ENABLE_OBJC_ARC = YES;
				CLANG_ENABLE_OBJC_WEAK = YES;
				CLANG_WARN_BLOCK_CAPTURE_AUTORELEASING = YES;
				CLANG_WARN_BOOL_CONVERSION = YES;
				CLANG_WARN_COMMA = YES;
				CLANG_WARN_CONSTANT_CONVERSION = YES;
				CLANG_WARN_DEPRECATED_OBJC_IMPLEMENTATIONS = YES;
				CLANG_WARN_DIRECT_OBJC_ISA_USAGE = YES_ERROR;
				CLANG_WARN_DOCUMENTATION_COMMENTS = YES;
				CLANG_WARN_EMPTY_BODY = YES;
				CLANG_WARN_ENUM_CONVERSION = YES;
				CLANG_WARN_INFINITE_RECURSION = YES;
				CLANG_WARN_INT_CONVERSION = YES;
				CLANG_WARN_NON_LITERAL_NULL_CONVERSION = YES;
				CLANG_WARN_OBJC_IMPLICIT_RETAIN_SELF = YES;
				CLANG_WARN_OBJC_LITERAL_CONVERSION = YES;
				CLANG_WARN_OBJC_ROOT_CLASS = YES_ERROR;
				CLANG_WARN_QUOTED_INCLUDE_IN_FRAMEWORK_HEADER = YES;
				CLANG_WARN_RANGE_LOOP_ANALYSIS = YES;
				CLANG_WARN_STRICT_PROTOTYPES = YES;
				CLANG_WARN_SUSPICIOUS_MOVE = YES;
				CLANG_WARN_UNGUARDED_AVAILABILITY = YES_AGGRESSIVE;
				CLANG_WARN_UNREACHABLE_CODE = YES;
				CLANG_WARN__DUPLICATE_METHOD_MATCH = YES;
				COPY_PHASE_STRIP = NO;
				DEBUG_INFORMATION_FORMAT = dwarf;
				ENABLE_STRICT_OBJC_MSGSEND = YES;
				ENABLE_TESTABILITY = YES;
				GCC_C_LANGUAGE_STANDARD = gnu11;
				GCC_DYNAMIC_NO_PIC = NO;
				GCC_NO_COMMON_BLOCKS = YES;
				GCC_OPTIMIZATION_LEVEL = 0;
				GCC_PREPROCESSOR_DEFINITIONS = (
					"$(inherited)",
					"DEBUG=1",
				);
				GCC_WARN_64_TO_32_BIT_CONVERSION = YES;
				GCC_WARN_ABOUT_RETURN_TYPE = YES_ERROR;
				GCC_WARN_UNDECLARED_SELECTOR = YES;
				GCC_WARN_UNINITIALIZED_AUTOS = YES_AGGRESSIVE;
				GCC_WARN_UNUSED_FUNCTION = YES;
				GCC_WARN_UNUSED_VARIABLE = YES;
				MACOSX_DEPLOYMENT_TARGET = 14.0;
				MTL_ENABLE_DEBUG_INFO = INCLUDE_SOURCE;
				MTL_FAST_MATH = YES;
				ONLY_ACTIVE_ARCH = YES;
				PRODUCT_NAME = "$(TARGET_NAME)";
				SDKROOT = macosx;
				SWIFT_ACTIVE_COMPILATION_CONDITIONS = DEBUG;
				SWIFT_OPTIMIZATION_LEVEL = "-Onone";
				SWIFT_VERSION = 5.9;
			};
			name = Debug;
		};
		ECEEBEC05FD89E8CD7108353 /* Debug */ = {
			isa = XCBuildConfiguration;
			buildSettings = {
				ASSETCATALOG_COMPILER_APPICON_NAME = AppIcon;
				CODE_SIGN_ENTITLEMENTS = CCNotify/CCNotify.entitlements;
				CODE_SIGN_STYLE = Automatic;
				COMBINE_HIDPI_IMAGES = YES;
				DEFINES_MODULE = YES;
				ENABLE_HARDENED_RUNTIME = YES;
				INFOPLIST_FILE = CCNotify/Info.plist;
				INFOPLIST_KEY_LSUIElement = YES;
				INFOPLIST_KEY_NSHumanReadableCopyright = "";
				LD_RUNPATH_SEARCH_PATHS = (
					"@executable_path/../Frameworks",
				);
				PRODUCT_BUNDLE_IDENTIFIER = com.ccnotify.app;
				PRODUCT_MODULE_NAME = CCNotify;
				PRODUCT_NAME = "CC Notify";
				SDKROOT = macosx;
			};
			name = Debug;
		};
		FA59ABB974E8DED47D6198CB /* Release */ = {
			isa = XCBuildConfiguration;
			buildSettings = {
				ASSETCATALOG_COMPILER_APPICON_NAME = AppIcon;
				CODE_SIGN_ENTITLEMENTS = CCNotify/CCNotify.entitlements;
				CODE_SIGN_STYLE = Automatic;
				COMBINE_HIDPI_IMAGES = YES;
				DEFINES_MODULE = YES;
				ENABLE_HARDENED_RUNTIME = YES;
				INFOPLIST_FILE = CCNotify/Info.plist;
				INFOPLIST_KEY_LSUIElement = YES;
				INFOPLIST_KEY_NSHumanReadableCopyright = "";
				LD_RUNPATH_SEARCH_PATHS = (
					"@executable_path/../Frameworks",
				);
				PRODUCT_BUNDLE_IDENTIFIER = com.ccnotify.app;
				PRODUCT_MODULE_NAME = CCNotify;
				PRODUCT_NAME = "CC Notify";
				SDKROOT = macosx;
			};
			name = Release;
		};
		FDE22C8D50A365B7DAF415AE /* Debug */ = {
			isa = XCBuildConfiguration;
			buildSettings = {
				BUNDLE_LOADER = "$(TEST_HOST)";
				CODE_SIGN_STYLE = Automatic;
				COMBINE_HIDPI_IMAGES = YES;
				GENERATE_INFOPLIST_FILE = YES;
				LD_RUNPATH_SEARCH_PATHS = (
					"$(inherited)",
					"@executable_path/Frameworks",
					"@loader_path/Frameworks",
				);
				PRODUCT_BUNDLE_IDENTIFIER = com.ccnotify.uitests;
				SDKROOT = macosx;
				TEST_TARGET_NAME = CCNotify;
			};
			name = Debug;
		};
/* End XCBuildConfiguration section */

/* Begin XCConfigurationList section */
		14F683469C31B21F5820D7F9 /* Build configuration list for PBXNativeTarget "CCNotifyUITests" */ = {
			isa = XCConfigurationList;
			buildConfigurations = (
				FDE22C8D50A365B7DAF415AE /* Debug */,
				4761EF1A260FA37A04658AF4 /* Release */,
			);
			defaultConfigurationIsVisible = 0;
			defaultConfigurationName = Debug;
		};
		3BEECC393F07EABC4A93FCAA /* Build configuration list for PBXNativeTarget "CCNotifyTests" */ = {
			isa = XCConfigurationList;
			buildConfigurations = (
				146D958274D120E1ACE40DC6 /* Debug */,
				03A650B07142D6A5E59DE2CE /* Release */,
			);
			defaultConfigurationIsVisible = 0;
			defaultConfigurationName = Debug;
		};
		9D690BBB218C4B9611C2B504 /* Build configuration list for PBXProject "CCNotify" */ = {
			isa = XCConfigurationList;
			buildConfigurations = (
				872FDCD8427D920B30C5F0C6 /* Debug */,
				47159259CAA079D5A6FCEFEE /* Release */,
			);
			defaultConfigurationIsVisible = 0;
			defaultConfigurationName = Debug;
		};
		F3BC316C9BFFDAA6FA5C3497 /* Build configuration list for PBXNativeTarget "CCNotify" */ = {
			isa = XCConfigurationList;
			buildConfigurations = (
				ECEEBEC05FD89E8CD7108353 /* Debug */,
				FA59ABB974E8DED47D6198CB /* Release */,
			);
			defaultConfigurationIsVisible = 0;
			defaultConfigurationName = Debug;
		};
/* End XCConfigurationList section */
	};
	rootObject = 895564508CCFC260D76417A1 /* Project object */;
}
