// !$*UTF8*$!
{
	archiveVersion = 1;
	classes = {
	};
	objectVersion = 77;
	objects = {

/* Begin PBXBuildFile section */
		0E77FEF8545A1DEEB4D72795 /* CCNotifyApp.swift in Sources */ = {isa = PBXBuildFile; fileRef = F85DD1642AE01B141EA21533 /* CCNotifyApp.swift */; };
		1817FA1E2F5DC365143ECC0C /* SettingsView.swift in Sources */ = {isa = PBXBuildFile; fileRef = A8302B9C7BE5F5642417F1A5 /* SettingsView.swift */; };
		1E5A31B3C0C1017DBED83475 /* MenuBarView.swift in Sources */ = {isa = PBXBuildFile; fileRef = A2119FF989E2A1065B4E9686 /* MenuBarView.swift */; };
		CFF6B6DA6B93987AC326B212 /* ServerManager.swift in Sources */ = {isa = PBXBuildFile; fileRef = E41E508602F18B4B7E98C46E /* ServerManager.swift */; };
/* End PBXBuildFile section */

/* Begin PBXFileReference section */
		09B0C4800529AE184ED7CBC3 /* Info.plist */ = {isa = PBXFileReference; lastKnownFileType = text.plist; path = Info.plist; sourceTree = "<group>"; };
		459072DE04BA0CBBDB57951A /* CCNotify.entitlements */ = {isa = PBXFileReference; lastKnownFileType = text.plist.entitlements; path = CCNotify.entitlements; sourceTree = "<group>"; };
		93D12B7B79EDC07385305EE5 /* CCNotify.app */ = {isa = PBXFileReference; explicitFileType = wrapper.application; includeInIndex = 0; path = CCNotify.app; sourceTree = BUILT_PRODUCTS_DIR; };
		A2119FF989E2A1065B4E9686 /* MenuBarView.swift */ = {isa = PBXFileReference; lastKnownFileType = sourcecode.swift; path = MenuBarView.swift; sourceTree = "<group>"; };
		A8302B9C7BE5F5642417F1A5 /* SettingsView.swift */ = {isa = PBXFileReference; lastKnownFileType = sourcecode.swift; path = SettingsView.swift; sourceTree = "<group>"; };
		E41E508602F18B4B7E98C46E /* ServerManager.swift */ = {isa = PBXFileReference; lastKnownFileType = sourcecode.swift; path = ServerManager.swift; sourceTree = "<group>"; };
		F85DD1642AE01B141EA21533 /* CCNotifyApp.swift */ = {isa = PBXFileReference; lastKnownFileType = sourcecode.swift; path = CCNotifyApp.swift; sourceTree = "<group>"; };
/* End PBXFileReference section */

/* Begin PBXGroup section */
		29E3E523DD1167D17127A068 = {
			isa = PBXGroup;
			children = (
				AE767CE43927EA88CF936E41 /* CCNotify */,
				8FD95A48DB6BDE10D9BC1198 /* Products */,
			);
			sourceTree = "<group>";
		};
		8FD95A48DB6BDE10D9BC1198 /* Products */ = {
			isa = PBXGroup;
			children = (
				93D12B7B79EDC07385305EE5 /* CCNotify.app */,
			);
			name = Products;
			sourceTree = "<group>";
		};
		AE767CE43927EA88CF936E41 /* CCNotify */ = {
			isa = PBXGroup;
			children = (
				459072DE04BA0CBBDB57951A /* CCNotify.entitlements */,
				F85DD1642AE01B141EA21533 /* CCNotifyApp.swift */,
				09B0C4800529AE184ED7CBC3 /* Info.plist */,
				A2119FF989E2A1065B4E9686 /* MenuBarView.swift */,
				E41E508602F18B4B7E98C46E /* ServerManager.swift */,
				A8302B9C7BE5F5642417F1A5 /* SettingsView.swift */,
			);
			path = CCNotify;
			sourceTree = "<group>";
		};
/* End PBXGroup section */

/* Begin PBXNativeTarget section */
		2ED07C18ED15050D2095E1D5 /* CCNotify */ = {
			isa = PBXNativeTarget;
			buildConfigurationList = F3BC316C9BFFDAA6FA5C3497 /* Build configuration list for PBXNativeTarget "CCNotify" */;
			buildPhases = (
				DCD618D8DCFC0D658E51CFFF /* Sources */,
			);
			buildRules = (
			);
			dependencies = (
			);
			name = CCNotify;
			packageProductDependencies = (
			);
			productName = CCNotify;
			productReference = 93D12B7B79EDC07385305EE5 /* CCNotify.app */;
			productType = "com.apple.product-type.application";
		};
/* End PBXNativeTarget section */

/* Begin PBXProject section */
		895564508CCFC260D76417A1 /* Project object */ = {
			isa = PBXProject;
			attributes = {
				BuildIndependentTargetsInParallel = YES;
				LastUpgradeCheck = 1500;
				TargetAttributes = {
					2ED07C18ED15050D2095E1D5 = {
						ProvisioningStyle = Automatic;
					};
				};
			};
			buildConfigurationList = 9D690BBB218C4B9611C2B504 /* Build configuration list for PBXProject "CCNotify" */;
			compatibilityVersion = "Xcode 14.0";
			developmentRegion = en;
			hasScannedForEncodings = 0;
			knownRegions = (
				Base,
				en,
			);
			mainGroup = 29E3E523DD1167D17127A068;
			minimizedProjectReferenceProxies = 1;
			preferredProjectObjectVersion = 77;
			projectDirPath = "";
			projectRoot = "";
			targets = (
				2ED07C18ED15050D2095E1D5 /* CCNotify */,
			);
		};
/* End PBXProject section */

/* Begin PBXSourcesBuildPhase section */
		DCD618D8DCFC0D658E51CFFF /* Sources */ = {
			isa = PBXSourcesBuildPhase;
			buildActionMask = 2147483647;
			files = (
				0E77FEF8545A1DEEB4D72795 /* CCNotifyApp.swift in Sources */,
				1E5A31B3C0C1017DBED83475 /* MenuBarView.swift in Sources */,
				CFF6B6DA6B93987AC326B212 /* ServerManager.swift in Sources */,
				1817FA1E2F5DC365143ECC0C /* SettingsView.swift in Sources */,
			);
			runOnlyForDeploymentPostprocessing = 0;
		};
/* End PBXSourcesBuildPhase section */

/* Begin XCBuildConfiguration section */
		47159259CAA079D5A6FCEFEE /* Release */ = {
			isa = XCBuildConfiguration;
			buildSettings = {
				ALWAYS_SEARCH_USER_PATHS = NO;
				CLANG_ANALYZER_NONNULL = YES;
				CLANG_ANALYZER_NUMBER_OBJECT_CONVERSION = YES_AGGRESSIVE;
				CLANG_CXX_LANGUAGE_STANDARD = "gnu++14";
				CLANG_CXX_LIBRARY = "libc++";
				CLANG_ENABLE_MODULES = YES;
				CLANG_ENABLE_OBJC_ARC = YES;
				CLANG_ENABLE_OBJC_WEAK = YES;
				CLANG_WARN_BLOCK_CAPTURE_AUTORELEASING = YES;
				CLANG_WARN_BOOL_CONVERSION = YES;
				CLANG_WARN_COMMA = YES;
				CLANG_WARN_CONSTANT_CONVERSION = YES;
				CLANG_WARN_DEPRECATED_OBJC_IMPLEMENTATIONS = YES;
				CLANG_WARN_DIRECT_OBJC_ISA_USAGE = YES_ERROR;
				CLANG_WARN_DOCUMENTATION_COMMENTS = YES;
				CLANG_WARN_EMPTY_BODY = YES;
				CLANG_WARN_ENUM_CONVERSION = YES;
				CLANG_WARN_INFINITE_RECURSION = YES;
				CLANG_WARN_INT_CONVERSION = YES;
				CLANG_WARN_NON_LITERAL_NULL_CONVERSION = YES;
				CLANG_WARN_OBJC_IMPLICIT_RETAIN_SELF = YES;
				CLANG_WARN_OBJC_LITERAL_CONVERSION = YES;
				CLANG_WARN_OBJC_ROOT_CLASS = YES_ERROR;
				CLANG_WARN_QUOTED_INCLUDE_IN_FRAMEWORK_HEADER = YES;
				CLANG_WARN_RANGE_LOOP_ANALYSIS = YES;
				CLANG_WARN_STRICT_PROTOTYPES = YES;
				CLANG_WARN_SUSPICIOUS_MOVE = YES;
				CLANG_WARN_UNGUARDED_AVAILABILITY = YES_AGGRESSIVE;
				CLANG_WARN_UNREACHABLE_CODE = YES;
				CLANG_WARN__DUPLICATE_METHOD_MATCH = YES;
				COPY_PHASE_STRIP = NO;
				DEBUG_INFORMATION_FORMAT = "dwarf-with-dsym";
				ENABLE_NS_ASSERTIONS = NO;
				ENABLE_STRICT_OBJC_MSGSEND = YES;
				GCC_C_LANGUAGE_STANDARD = gnu11;
				GCC_NO_COMMON_BLOCKS = YES;
				GCC_WARN_64_TO_32_BIT_CONVERSION = YES;
				GCC_WARN_ABOUT_RETURN_TYPE = YES_ERROR;
				GCC_WARN_UNDECLARED_SELECTOR = YES;
				GCC_WARN_UNINITIALIZED_AUTOS = YES_AGGRESSIVE;
				GCC_WARN_UNUSED_FUNCTION = YES;
				GCC_WARN_UNUSED_VARIABLE = YES;
				MACOSX_DEPLOYMENT_TARGET = 14.0;
				MTL_ENABLE_DEBUG_INFO = NO;
				MTL_FAST_MATH = YES;
				PRODUCT_NAME = "$(TARGET_NAME)";
				SDKROOT = macosx;
				SWIFT_COMPILATION_MODE = wholemodule;
				SWIFT_OPTIMIZATION_LEVEL = "-O";
				SWIFT_VERSION = 5.9;
			};
			name = Release;
		};
		872FDCD8427D920B30C5F0C6 /* Debug */ = {
			isa = XCBuildConfiguration;
			buildSettings = {
				ALWAYS_SEARCH_USER_PATHS = NO;
				CLANG_ANALYZER_NONNULL = YES;
				CLANG_ANALYZER_NUMBER_OBJECT_CONVERSION = YES_AGGRESSIVE;
				CLANG_CXX_LANGUAGE_STANDARD = "gnu++14";
				CLANG_CXX_LIBRARY = "libc++";
				CLANG_ENABLE_MODULES = YES;
				CLANG_ENABLE_OBJC_ARC = YES;
				CLANG_ENABLE_OBJC_WEAK = YES;
				CLANG_WARN_BLOCK_CAPTURE_AUTORELEASING = YES;
				CLANG_WARN_BOOL_CONVERSION = YES;
				CLANG_WARN_COMMA = YES;
				CLANG_WARN_CONSTANT_CONVERSION = YES;
				CLANG_WARN_DEPRECATED_OBJC_IMPLEMENTATIONS = YES;
				CLANG_WARN_DIRECT_OBJC_ISA_USAGE = YES_ERROR;
				CLANG_WARN_DOCUMENTATION_COMMENTS = YES;
				CLANG_WARN_EMPTY_BODY = YES;
				CLANG_WARN_ENUM_CONVERSION = YES;
				CLANG_WARN_INFINITE_RECURSION = YES;
				CLANG_WARN_INT_CONVERSION = YES;
				CLANG_WARN_NON_LITERAL_NULL_CONVERSION = YES;
				CLANG_WARN_OBJC_IMPLICIT_RETAIN_SELF = YES;
				CLANG_WARN_OBJC_LITERAL_CONVERSION = YES;
				CLANG_WARN_OBJC_ROOT_CLASS = YES_ERROR;
				CLANG_WARN_QUOTED_INCLUDE_IN_FRAMEWORK_HEADER = YES;
				CLANG_WARN_RANGE_LOOP_ANALYSIS = YES;
				CLANG_WARN_STRICT_PROTOTYPES = YES;
				CLANG_WARN_SUSPICIOUS_MOVE = YES;
				CLANG_WARN_UNGUARDED_AVAILABILITY = YES_AGGRESSIVE;
				CLANG_WARN_UNREACHABLE_CODE = YES;
				CLANG_WARN__DUPLICATE_METHOD_MATCH = YES;
				COPY_PHASE_STRIP = NO;
				DEBUG_INFORMATION_FORMAT = dwarf;
				ENABLE_STRICT_OBJC_MSGSEND = YES;
				ENABLE_TESTABILITY = YES;
				GCC_C_LANGUAGE_STANDARD = gnu11;
				GCC_DYNAMIC_NO_PIC = NO;
				GCC_NO_COMMON_BLOCKS = YES;
				GCC_OPTIMIZATION_LEVEL = 0;
				GCC_PREPROCESSOR_DEFINITIONS = (
					"$(inherited)",
					"DEBUG=1",
				);
				GCC_WARN_64_TO_32_BIT_CONVERSION = YES;
				GCC_WARN_ABOUT_RETURN_TYPE = YES_ERROR;
				GCC_WARN_UNDECLARED_SELECTOR = YES;
				GCC_WARN_UNINITIALIZED_AUTOS = YES_AGGRESSIVE;
				GCC_WARN_UNUSED_FUNCTION = YES;
				GCC_WARN_UNUSED_VARIABLE = YES;
				MACOSX_DEPLOYMENT_TARGET = 14.0;
				MTL_ENABLE_DEBUG_INFO = INCLUDE_SOURCE;
				MTL_FAST_MATH = YES;
				ONLY_ACTIVE_ARCH = YES;
				PRODUCT_NAME = "$(TARGET_NAME)";
				SDKROOT = macosx;
				SWIFT_ACTIVE_COMPILATION_CONDITIONS = DEBUG;
				SWIFT_OPTIMIZATION_LEVEL = "-Onone";
				SWIFT_VERSION = 5.9;
			};
			name = Debug;
		};
		ECEEBEC05FD89E8CD7108353 /* Debug */ = {
			isa = XCBuildConfiguration;
			buildSettings = {
				ASSETCATALOG_COMPILER_APPICON_NAME = AppIcon;
				CODE_SIGN_ENTITLEMENTS = CCNotify/CCNotify.entitlements;
				CODE_SIGN_STYLE = Automatic;
				COMBINE_HIDPI_IMAGES = YES;
				ENABLE_HARDENED_RUNTIME = YES;
				INFOPLIST_FILE = CCNotify/Info.plist;
				INFOPLIST_KEY_LSUIElement = YES;
				INFOPLIST_KEY_NSHumanReadableCopyright = "";
				LD_RUNPATH_SEARCH_PATHS = (
					"@executable_path/../Frameworks",
				);
				PRODUCT_BUNDLE_IDENTIFIER = com.ccnotify.app;
				PRODUCT_NAME = "CC Notify";
				SDKROOT = macosx;
			};
			name = Debug;
		};
		FA59ABB974E8DED47D6198CB /* Release */ = {
			isa = XCBuildConfiguration;
			buildSettings = {
				ASSETCATALOG_COMPILER_APPICON_NAME = AppIcon;
				CODE_SIGN_ENTITLEMENTS = CCNotify/CCNotify.entitlements;
				CODE_SIGN_STYLE = Automatic;
				COMBINE_HIDPI_IMAGES = YES;
				ENABLE_HARDENED_RUNTIME = YES;
				INFOPLIST_FILE = CCNotify/Info.plist;
				INFOPLIST_KEY_LSUIElement = YES;
				INFOPLIST_KEY_NSHumanReadableCopyright = "";
				LD_RUNPATH_SEARCH_PATHS = (
					"@executable_path/../Frameworks",
				);
				PRODUCT_BUNDLE_IDENTIFIER = com.ccnotify.app;
				PRODUCT_NAME = "CC Notify";
				SDKROOT = macosx;
			};
			name = Release;
		};
/* End XCBuildConfiguration section */

/* Begin XCConfigurationList section */
		9D690BBB218C4B9611C2B504 /* Build configuration list for PBXProject "CCNotify" */ = {
			isa = XCConfigurationList;
			buildConfigurations = (
				872FDCD8427D920B30C5F0C6 /* Debug */,
				47159259CAA079D5A6FCEFEE /* Release */,
			);
			defaultConfigurationIsVisible = 0;
			defaultConfigurationName = Debug;
		};
		F3BC316C9BFFDAA6FA5C3497 /* Build configuration list for PBXNativeTarget "CCNotify" */ = {
			isa = XCConfigurationList;
			buildConfigurations = (
				ECEEBEC05FD89E8CD7108353 /* Debug */,
				FA59ABB974E8DED47D6198CB /* Release */,
			);
			defaultConfigurationIsVisible = 0;
			defaultConfigurationName = Debug;
		};
/* End XCConfigurationList section */
	};
	rootObject = 895564508CCFC260D76417A1 /* Project object */;
}
